// !$*UTF8*$!
{
	archiveVersion = 1;
	classes = {
	};
	objectVersion = 50;
	objects = {

/* Begin PBXBuildFile section */
		775F780426D9B78F0039E447 /* ShortlyApp.swift in Sources */ = {isa = PBXBuildFile; fileRef = 775F780326D9B78F0039E447 /* ShortlyApp.swift */; };
		775F780626D9B78F0039E447 /* ContentView.swift in Sources */ = {isa = PBXBuildFile; fileRef = 775F780526D9B78F0039E447 /* ContentView.swift */; };
		775F780826D9B7900039E447 /* Assets.xcassets in Resources */ = {isa = PBXBuildFile; fileRef = 775F780726D9B7900039E447 /* Assets.xcassets */; };
		775F780B26D9B7900039E447 /* Preview Assets.xcassets in Resources */ = {isa = PBXBuildFile; fileRef = 775F780A26D9B7900039E447 /* Preview Assets.xcassets */; };
		775F781026D9B7900039E447 /* Shortly.xcdatamodeld in Sources */ = {isa = PBXBuildFile; fileRef = 775F780E26D9B7900039E447 /* Shortly.xcdatamodeld */; };
		775F781B26D9B7900039E447 /* ShortlyTests.swift in Sources */ = {isa = PBXBuildFile; fileRef = 775F781A26D9B7900039E447 /* ShortlyTests.swift */; };
		775F782626D9B7900039E447 /* ShortlyUITests.swift in Sources */ = {isa = PBXBuildFile; fileRef = 775F782526D9B7900039E447 /* ShortlyUITests.swift */; };
		775F783B26D9BA760039E447 /* ModelTests.swift in Sources */ = {isa = PBXBuildFile; fileRef = 775F783A26D9BA760039E447 /* ModelTests.swift */; };
		775F783D26D9BBE10039E447 /* Model.swift in Sources */ = {isa = PBXBuildFile; fileRef = 775F783C26D9BBE10039E447 /* Model.swift */; };
		775F783F26D9BF140039E447 /* ShortlyURLModelTests.swift in Sources */ = {isa = PBXBuildFile; fileRef = 775F783E26D9BF140039E447 /* ShortlyURLModelTests.swift */; };
		775F784126D9C27B0039E447 /* ShortlyURLModel.swift in Sources */ = {isa = PBXBuildFile; fileRef = 775F784026D9C27B0039E447 /* ShortlyURLModel.swift */; };
		775F784426DA642D0039E447 /* FetchShortURLUseCase.swift in Sources */ = {isa = PBXBuildFile; fileRef = 775F784326DA642D0039E447 /* FetchShortURLUseCase.swift */; };
		775F784726DA65620039E447 /* FetchShortURLUseCaseModelTests.swift in Sources */ = {isa = PBXBuildFile; fileRef = 775F784626DA65620039E447 /* FetchShortURLUseCaseModelTests.swift */; };
		775F784C26DA66700039E447 /* FetchShortURErrorTests.swift in Sources */ = {isa = PBXBuildFile; fileRef = 775F784B26DA66700039E447 /* FetchShortURErrorTests.swift */; };
		775F784F26DA683C0039E447 /* FetchShortURLError.swift in Sources */ = {isa = PBXBuildFile; fileRef = 775F784E26DA683C0039E447 /* FetchShortURLError.swift */; };
		775F785326DA70180039E447 /* FetchAllShortURLUseCase.swift in Sources */ = {isa = PBXBuildFile; fileRef = 775F785226DA70180039E447 /* FetchAllShortURLUseCase.swift */; };
		775F785926DA71650039E447 /* HTTPGetClient.swift in Sources */ = {isa = PBXBuildFile; fileRef = 775F785826DA71650039E447 /* HTTPGetClient.swift */; };
		775F785B26DA71DC0039E447 /* HTTPError.swift in Sources */ = {isa = PBXBuildFile; fileRef = 775F785A26DA71DC0039E447 /* HTTPError.swift */; };
		775F786026DA72E20039E447 /* RemoteFetchShortURLUseCaseTests.swift in Sources */ = {isa = PBXBuildFile; fileRef = 775F785F26DA72E20039E447 /* RemoteFetchShortURLUseCaseTests.swift */; };
		775F786526DA75DA0039E447 /* MockHTTPGetClient.swift in Sources */ = {isa = PBXBuildFile; fileRef = 775F786426DA75DA0039E447 /* MockHTTPGetClient.swift */; };
		775F786826DA81760039E447 /* RemoteFetchShortURLUseCase.swift in Sources */ = {isa = PBXBuildFile; fileRef = 775F786726DA81760039E447 /* RemoteFetchShortURLUseCase.swift */; };
		775F786B26DA81A50039E447 /* DataExtension.swift in Sources */ = {isa = PBXBuildFile; fileRef = 775F786A26DA81A50039E447 /* DataExtension.swift */; };
		775F786D26DA87560039E447 /* SaveShortURLUseCase.swift in Sources */ = {isa = PBXBuildFile; fileRef = 775F786C26DA87560039E447 /* SaveShortURLUseCase.swift */; };
		775F787026DA89270039E447 /* DatabaseFetchAllClient.swift in Sources */ = {isa = PBXBuildFile; fileRef = 775F786F26DA89270039E447 /* DatabaseFetchAllClient.swift */; };
		775F787226DA89B50039E447 /* DatabaseSaveClient.swift in Sources */ = {isa = PBXBuildFile; fileRef = 775F787126DA89B50039E447 /* DatabaseSaveClient.swift */; };
		775F787526DA8A540039E447 /* MockShortURLDatabaseSaveClient.swift in Sources */ = {isa = PBXBuildFile; fileRef = 775F787426DA8A540039E447 /* MockShortURLDatabaseSaveClient.swift */; };
		775F787726DA8B240039E447 /* MockShortURLDatabaseFetchAllClient.swift in Sources */ = {isa = PBXBuildFile; fileRef = 775F787626DA8B240039E447 /* MockShortURLDatabaseFetchAllClient.swift */; };
		775F787926DA8BFB0039E447 /* DatabaseFetchAllShortURLUseCaseTests.swift in Sources */ = {isa = PBXBuildFile; fileRef = 775F787826DA8BFB0039E447 /* DatabaseFetchAllShortURLUseCaseTests.swift */; };
		775F787B26DA90950039E447 /* DatabaseError.swift in Sources */ = {isa = PBXBuildFile; fileRef = 775F787A26DA90950039E447 /* DatabaseError.swift */; };
		775F787D26DA91E00039E447 /* FetchAllShortURLError.swift in Sources */ = {isa = PBXBuildFile; fileRef = 775F787C26DA91E00039E447 /* FetchAllShortURLError.swift */; };
		775F787F26DA928F0039E447 /* DatabaseFetchAllShortURLUseCase.swift in Sources */ = {isa = PBXBuildFile; fileRef = 775F787E26DA928F0039E447 /* DatabaseFetchAllShortURLUseCase.swift */; };
		775F788126DA93140039E447 /* DatabaseSaveShortURLUseCaseTests.swift in Sources */ = {isa = PBXBuildFile; fileRef = 775F788026DA93140039E447 /* DatabaseSaveShortURLUseCaseTests.swift */; };
		775F788326DA97820039E447 /* DatabaseSaveShortURLUseCase.swift in Sources */ = {isa = PBXBuildFile; fileRef = 775F788226DA97820039E447 /* DatabaseSaveShortURLUseCase.swift */; };
		775F788726DA98360039E447 /* NativeHTTPGetClientTests.swift in Sources */ = {isa = PBXBuildFile; fileRef = 775F788626DA98360039E447 /* NativeHTTPGetClientTests.swift */; };
		775F788C26DAA74E0039E447 /* NativeHTTPGetClient.swift in Sources */ = {isa = PBXBuildFile; fileRef = 775F788B26DAA74E0039E447 /* NativeHTTPGetClient.swift */; };
		775F788F26DAA8450039E447 /* CoreDataShortURLDatabaseSaveClientTests.swift in Sources */ = {isa = PBXBuildFile; fileRef = 775F788E26DAA8450039E447 /* CoreDataShortURLDatabaseSaveClientTests.swift */; };
		775F789126DAC2AC0039E447 /* CoreDataStoreTests.swift in Sources */ = {isa = PBXBuildFile; fileRef = 775F789026DAC2AC0039E447 /* CoreDataStoreTests.swift */; };
		775F789426DAC2E50039E447 /* CoreDataStore.swift in Sources */ = {isa = PBXBuildFile; fileRef = 775F789326DAC2E50039E447 /* CoreDataStore.swift */; };
		775F789626DAC3770039E447 /* ShortlyURLManagedObjectExtension.swift in Sources */ = {isa = PBXBuildFile; fileRef = 775F789526DAC3770039E447 /* ShortlyURLManagedObjectExtension.swift */; };
		775F789826DACB270039E447 /* CoreDataShortURLDatabaseSaveClient.swift in Sources */ = {isa = PBXBuildFile; fileRef = 775F789726DACB270039E447 /* CoreDataShortURLDatabaseSaveClient.swift */; };
		775F789A26DACBBF0039E447 /* CoreDataFetchAllDatabaseClientTests.swift in Sources */ = {isa = PBXBuildFile; fileRef = 775F789926DACBBF0039E447 /* CoreDataFetchAllDatabaseClientTests.swift */; };
		775F789C26DAD5050039E447 /* CoreDataDatabaseFetchAllClient.swift in Sources */ = {isa = PBXBuildFile; fileRef = 775F789B26DAD5050039E447 /* CoreDataDatabaseFetchAllClient.swift */; };
		775F789F26DAD8200039E447 /* FetchShortURLUseCaseIntegrationTests.swift in Sources */ = {isa = PBXBuildFile; fileRef = 775F789E26DAD8200039E447 /* FetchShortURLUseCaseIntegrationTests.swift */; };
		775F78A126DBA4050039E447 /* SaveShortURLUseCaseIntegrationTests.swift in Sources */ = {isa = PBXBuildFile; fileRef = 775F78A026DBA4050039E447 /* SaveShortURLUseCaseIntegrationTests.swift */; };
		775F78A326DBA7520039E447 /* FetchAllShortURLUseCaseIntegrationTests.swift in Sources */ = {isa = PBXBuildFile; fileRef = 775F78A226DBA7520039E447 /* FetchAllShortURLUseCaseIntegrationTests.swift */; };
		775F78A526DBB16C0039E447 /* RemoveShortURLUseCase.swift in Sources */ = {isa = PBXBuildFile; fileRef = 775F78A426DBB16C0039E447 /* RemoveShortURLUseCase.swift */; };
		775F78A726DBB5930039E447 /* DatabaseRemoveShortURLUseCase.swift in Sources */ = {isa = PBXBuildFile; fileRef = 775F78A626DBB5930039E447 /* DatabaseRemoveShortURLUseCase.swift */; };
		775F78A926DBB5B20039E447 /* DatabaseRemoveClient.swift in Sources */ = {isa = PBXBuildFile; fileRef = 775F78A826DBB5B20039E447 /* DatabaseRemoveClient.swift */; };
		775F78AB26DBB7000039E447 /* CoreDataShortURLDatabaseRemoveClient.swift in Sources */ = {isa = PBXBuildFile; fileRef = 775F78AA26DBB6700039E447 /* CoreDataShortURLDatabaseRemoveClient.swift */; };
		775F78AD26DBB9090039E447 /* DatabaseRemoveShortURLUseCaseTests.swift in Sources */ = {isa = PBXBuildFile; fileRef = 775F78AC26DBB9090039E447 /* DatabaseRemoveShortURLUseCaseTests.swift */; };
		775F78AF26DBB92C0039E447 /* MockShortURLDatabaseRemoveClient.swift in Sources */ = {isa = PBXBuildFile; fileRef = 775F78AE26DBB92B0039E447 /* MockShortURLDatabaseRemoveClient.swift */; };
		775F78B126DBB9E10039E447 /* CoreDataShortURLDatabaseRemoveClientTests.swift in Sources */ = {isa = PBXBuildFile; fileRef = 775F78B026DBB9E10039E447 /* CoreDataShortURLDatabaseRemoveClientTests.swift */; };
		775F78B326DBBB890039E447 /* RemoveShortURLUseCaseIntegrationTests.swift in Sources */ = {isa = PBXBuildFile; fileRef = 775F78B226DBBB890039E447 /* RemoveShortURLUseCaseIntegrationTests.swift */; };
		775F78B626DBBE6A0039E447 /* ShortlyViewModelTests.swift in Sources */ = {isa = PBXBuildFile; fileRef = 775F78B526DBBE6A0039E447 /* ShortlyViewModelTests.swift */; };
		775F78B926DBC1570039E447 /* ShortlyURLViewModelTests.swift in Sources */ = {isa = PBXBuildFile; fileRef = 775F78B826DBC1570039E447 /* ShortlyURLViewModelTests.swift */; };
		775F78BD26DBC25A0039E447 /* ShortlyURLViewModel.swift in Sources */ = {isa = PBXBuildFile; fileRef = 775F78BC26DBC25A0039E447 /* ShortlyURLViewModel.swift */; };
		775F78BF26DBD7450039E447 /* ShortlyViewModel.swift in Sources */ = {isa = PBXBuildFile; fileRef = 775F78BE26DBD7450039E447 /* ShortlyViewModel.swift */; };
		775F78C226DBD9AB0039E447 /* ShortlyUIView.swift in Sources */ = {isa = PBXBuildFile; fileRef = 775F78C126DBD9AB0039E447 /* ShortlyUIView.swift */; };
		775F78C426DBE3400039E447 /* Colors.swift in Sources */ = {isa = PBXBuildFile; fileRef = 775F78C326DBE3400039E447 /* Colors.swift */; };
		775F78C826DBE4F70039E447 /* Poppins-Medium.ttf in Resources */ = {isa = PBXBuildFile; fileRef = 775F78C726DBE4F70039E447 /* Poppins-Medium.ttf */; };
		775F78CB26DBE5730039E447 /* Fonts.swift in Sources */ = {isa = PBXBuildFile; fileRef = 775F78CA26DBE5730039E447 /* Fonts.swift */; };
		775F78CE26DBFE9F0039E447 /* ShortlyViewCell.swift in Sources */ = {isa = PBXBuildFile; fileRef = 775F78CD26DBFE9F0039E447 /* ShortlyViewCell.swift */; };
		775F78D026DC01330039E447 /* EmptyView.swift in Sources */ = {isa = PBXBuildFile; fileRef = 775F78CF26DC01330039E447 /* EmptyView.swift */; };
		775F78D226DC01E10039E447 /* ShortlyListView.swift in Sources */ = {isa = PBXBuildFile; fileRef = 775F78D126DC01E10039E447 /* ShortlyListView.swift */; };
		775F78D426DC03030039E447 /* ShortenLinkContainerView.swift in Sources */ = {isa = PBXBuildFile; fileRef = 775F78D326DC03030039E447 /* ShortenLinkContainerView.swift */; };
		775F78D726DC05020039E447 /* MainButton.swift in Sources */ = {isa = PBXBuildFile; fileRef = 775F78D626DC05020039E447 /* MainButton.swift */; };
/* End PBXBuildFile section */

/* Begin PBXContainerItemProxy section */
		775F781726D9B7900039E447 /* PBXContainerItemProxy */ = {
			isa = PBXContainerItemProxy;
			containerPortal = 775F77F826D9B78F0039E447 /* Project object */;
			proxyType = 1;
			remoteGlobalIDString = 775F77FF26D9B78F0039E447;
			remoteInfo = Shortly;
		};
		775F782226D9B7900039E447 /* PBXContainerItemProxy */ = {
			isa = PBXContainerItemProxy;
			containerPortal = 775F77F826D9B78F0039E447 /* Project object */;
			proxyType = 1;
			remoteGlobalIDString = 775F77FF26D9B78F0039E447;
			remoteInfo = Shortly;
		};
/* End PBXContainerItemProxy section */

/* Begin PBXFileReference section */
		775F780026D9B78F0039E447 /* Shortly.app */ = {isa = PBXFileReference; explicitFileType = wrapper.application; includeInIndex = 0; path = Shortly.app; sourceTree = BUILT_PRODUCTS_DIR; };
		775F780326D9B78F0039E447 /* ShortlyApp.swift */ = {isa = PBXFileReference; lastKnownFileType = sourcecode.swift; path = ShortlyApp.swift; sourceTree = "<group>"; };
		775F780526D9B78F0039E447 /* ContentView.swift */ = {isa = PBXFileReference; lastKnownFileType = sourcecode.swift; path = ContentView.swift; sourceTree = "<group>"; };
		775F780726D9B7900039E447 /* Assets.xcassets */ = {isa = PBXFileReference; lastKnownFileType = folder.assetcatalog; path = Assets.xcassets; sourceTree = "<group>"; };
		775F780A26D9B7900039E447 /* Preview Assets.xcassets */ = {isa = PBXFileReference; lastKnownFileType = folder.assetcatalog; path = "Preview Assets.xcassets"; sourceTree = "<group>"; };
		775F780F26D9B7900039E447 /* Shortly.xcdatamodel */ = {isa = PBXFileReference; lastKnownFileType = wrapper.xcdatamodel; path = Shortly.xcdatamodel; sourceTree = "<group>"; };
		775F781126D9B7900039E447 /* Info.plist */ = {isa = PBXFileReference; lastKnownFileType = text.plist.xml; path = Info.plist; sourceTree = "<group>"; };
		775F781626D9B7900039E447 /* ShortlyTests.xctest */ = {isa = PBXFileReference; explicitFileType = wrapper.cfbundle; includeInIndex = 0; path = ShortlyTests.xctest; sourceTree = BUILT_PRODUCTS_DIR; };
		775F781A26D9B7900039E447 /* ShortlyTests.swift */ = {isa = PBXFileReference; lastKnownFileType = sourcecode.swift; path = ShortlyTests.swift; sourceTree = "<group>"; };
		775F781C26D9B7900039E447 /* Info.plist */ = {isa = PBXFileReference; lastKnownFileType = text.plist.xml; path = Info.plist; sourceTree = "<group>"; };
		775F782126D9B7900039E447 /* ShortlyUITests.xctest */ = {isa = PBXFileReference; explicitFileType = wrapper.cfbundle; includeInIndex = 0; path = ShortlyUITests.xctest; sourceTree = BUILT_PRODUCTS_DIR; };
		775F782526D9B7900039E447 /* ShortlyUITests.swift */ = {isa = PBXFileReference; lastKnownFileType = sourcecode.swift; path = ShortlyUITests.swift; sourceTree = "<group>"; };
		775F782726D9B7900039E447 /* Info.plist */ = {isa = PBXFileReference; lastKnownFileType = text.plist.xml; path = Info.plist; sourceTree = "<group>"; };
		775F783A26D9BA760039E447 /* ModelTests.swift */ = {isa = PBXFileReference; lastKnownFileType = sourcecode.swift; path = ModelTests.swift; sourceTree = "<group>"; };
		775F783C26D9BBE10039E447 /* Model.swift */ = {isa = PBXFileReference; lastKnownFileType = sourcecode.swift; path = Model.swift; sourceTree = "<group>"; };
		775F783E26D9BF140039E447 /* ShortlyURLModelTests.swift */ = {isa = PBXFileReference; lastKnownFileType = sourcecode.swift; path = ShortlyURLModelTests.swift; sourceTree = "<group>"; };
		775F784026D9C27B0039E447 /* ShortlyURLModel.swift */ = {isa = PBXFileReference; lastKnownFileType = sourcecode.swift; path = ShortlyURLModel.swift; sourceTree = "<group>"; };
		775F784326DA642D0039E447 /* FetchShortURLUseCase.swift */ = {isa = PBXFileReference; lastKnownFileType = sourcecode.swift; path = FetchShortURLUseCase.swift; sourceTree = "<group>"; };
		775F784626DA65620039E447 /* FetchShortURLUseCaseModelTests.swift */ = {isa = PBXFileReference; lastKnownFileType = sourcecode.swift; path = FetchShortURLUseCaseModelTests.swift; sourceTree = "<group>"; };
		775F784B26DA66700039E447 /* FetchShortURErrorTests.swift */ = {isa = PBXFileReference; lastKnownFileType = sourcecode.swift; path = FetchShortURErrorTests.swift; sourceTree = "<group>"; };
		775F784E26DA683C0039E447 /* FetchShortURLError.swift */ = {isa = PBXFileReference; lastKnownFileType = sourcecode.swift; path = FetchShortURLError.swift; sourceTree = "<group>"; };
		775F785226DA70180039E447 /* FetchAllShortURLUseCase.swift */ = {isa = PBXFileReference; lastKnownFileType = sourcecode.swift; path = FetchAllShortURLUseCase.swift; sourceTree = "<group>"; };
		775F785826DA71650039E447 /* HTTPGetClient.swift */ = {isa = PBXFileReference; lastKnownFileType = sourcecode.swift; path = HTTPGetClient.swift; sourceTree = "<group>"; };
		775F785A26DA71DC0039E447 /* HTTPError.swift */ = {isa = PBXFileReference; lastKnownFileType = sourcecode.swift; path = HTTPError.swift; sourceTree = "<group>"; };
		775F785F26DA72E20039E447 /* RemoteFetchShortURLUseCaseTests.swift */ = {isa = PBXFileReference; lastKnownFileType = sourcecode.swift; path = RemoteFetchShortURLUseCaseTests.swift; sourceTree = "<group>"; };
		775F786426DA75DA0039E447 /* MockHTTPGetClient.swift */ = {isa = PBXFileReference; lastKnownFileType = sourcecode.swift; path = MockHTTPGetClient.swift; sourceTree = "<group>"; };
		775F786726DA81760039E447 /* RemoteFetchShortURLUseCase.swift */ = {isa = PBXFileReference; lastKnownFileType = sourcecode.swift; path = RemoteFetchShortURLUseCase.swift; sourceTree = "<group>"; };
		775F786A26DA81A50039E447 /* DataExtension.swift */ = {isa = PBXFileReference; lastKnownFileType = sourcecode.swift; path = DataExtension.swift; sourceTree = "<group>"; };
		775F786C26DA87560039E447 /* SaveShortURLUseCase.swift */ = {isa = PBXFileReference; lastKnownFileType = sourcecode.swift; path = SaveShortURLUseCase.swift; sourceTree = "<group>"; };
		775F786F26DA89270039E447 /* DatabaseFetchAllClient.swift */ = {isa = PBXFileReference; lastKnownFileType = sourcecode.swift; path = DatabaseFetchAllClient.swift; sourceTree = "<group>"; };
		775F787126DA89B50039E447 /* DatabaseSaveClient.swift */ = {isa = PBXFileReference; lastKnownFileType = sourcecode.swift; path = DatabaseSaveClient.swift; sourceTree = "<group>"; };
		775F787426DA8A540039E447 /* MockShortURLDatabaseSaveClient.swift */ = {isa = PBXFileReference; lastKnownFileType = sourcecode.swift; path = MockShortURLDatabaseSaveClient.swift; sourceTree = "<group>"; };
		775F787626DA8B240039E447 /* MockShortURLDatabaseFetchAllClient.swift */ = {isa = PBXFileReference; lastKnownFileType = sourcecode.swift; path = MockShortURLDatabaseFetchAllClient.swift; sourceTree = "<group>"; };
		775F787826DA8BFB0039E447 /* DatabaseFetchAllShortURLUseCaseTests.swift */ = {isa = PBXFileReference; lastKnownFileType = sourcecode.swift; path = DatabaseFetchAllShortURLUseCaseTests.swift; sourceTree = "<group>"; };
		775F787A26DA90950039E447 /* DatabaseError.swift */ = {isa = PBXFileReference; lastKnownFileType = sourcecode.swift; path = DatabaseError.swift; sourceTree = "<group>"; };
		775F787C26DA91E00039E447 /* FetchAllShortURLError.swift */ = {isa = PBXFileReference; lastKnownFileType = sourcecode.swift; path = FetchAllShortURLError.swift; sourceTree = "<group>"; };
		775F787E26DA928F0039E447 /* DatabaseFetchAllShortURLUseCase.swift */ = {isa = PBXFileReference; lastKnownFileType = sourcecode.swift; path = DatabaseFetchAllShortURLUseCase.swift; sourceTree = "<group>"; };
		775F788026DA93140039E447 /* DatabaseSaveShortURLUseCaseTests.swift */ = {isa = PBXFileReference; lastKnownFileType = sourcecode.swift; path = DatabaseSaveShortURLUseCaseTests.swift; sourceTree = "<group>"; };
		775F788226DA97820039E447 /* DatabaseSaveShortURLUseCase.swift */ = {isa = PBXFileReference; lastKnownFileType = sourcecode.swift; path = DatabaseSaveShortURLUseCase.swift; sourceTree = "<group>"; };
		775F788626DA98360039E447 /* NativeHTTPGetClientTests.swift */ = {isa = PBXFileReference; lastKnownFileType = sourcecode.swift; path = NativeHTTPGetClientTests.swift; sourceTree = "<group>"; };
		775F788B26DAA74E0039E447 /* NativeHTTPGetClient.swift */ = {isa = PBXFileReference; lastKnownFileType = sourcecode.swift; path = NativeHTTPGetClient.swift; sourceTree = "<group>"; };
		775F788E26DAA8450039E447 /* CoreDataShortURLDatabaseSaveClientTests.swift */ = {isa = PBXFileReference; lastKnownFileType = sourcecode.swift; path = CoreDataShortURLDatabaseSaveClientTests.swift; sourceTree = "<group>"; };
		775F789026DAC2AC0039E447 /* CoreDataStoreTests.swift */ = {isa = PBXFileReference; lastKnownFileType = sourcecode.swift; path = CoreDataStoreTests.swift; sourceTree = "<group>"; };
		775F789326DAC2E50039E447 /* CoreDataStore.swift */ = {isa = PBXFileReference; lastKnownFileType = sourcecode.swift; path = CoreDataStore.swift; sourceTree = "<group>"; };
		775F789526DAC3770039E447 /* ShortlyURLManagedObjectExtension.swift */ = {isa = PBXFileReference; lastKnownFileType = sourcecode.swift; path = ShortlyURLManagedObjectExtension.swift; sourceTree = "<group>"; };
		775F789726DACB270039E447 /* CoreDataShortURLDatabaseSaveClient.swift */ = {isa = PBXFileReference; lastKnownFileType = sourcecode.swift; path = CoreDataShortURLDatabaseSaveClient.swift; sourceTree = "<group>"; };
		775F789926DACBBF0039E447 /* CoreDataFetchAllDatabaseClientTests.swift */ = {isa = PBXFileReference; lastKnownFileType = sourcecode.swift; path = CoreDataFetchAllDatabaseClientTests.swift; sourceTree = "<group>"; };
		775F789B26DAD5050039E447 /* CoreDataDatabaseFetchAllClient.swift */ = {isa = PBXFileReference; lastKnownFileType = sourcecode.swift; path = CoreDataDatabaseFetchAllClient.swift; sourceTree = "<group>"; };
		775F789E26DAD8200039E447 /* FetchShortURLUseCaseIntegrationTests.swift */ = {isa = PBXFileReference; lastKnownFileType = sourcecode.swift; path = FetchShortURLUseCaseIntegrationTests.swift; sourceTree = "<group>"; };
		775F78A026DBA4050039E447 /* SaveShortURLUseCaseIntegrationTests.swift */ = {isa = PBXFileReference; lastKnownFileType = sourcecode.swift; path = SaveShortURLUseCaseIntegrationTests.swift; sourceTree = "<group>"; };
		775F78A226DBA7520039E447 /* FetchAllShortURLUseCaseIntegrationTests.swift */ = {isa = PBXFileReference; lastKnownFileType = sourcecode.swift; path = FetchAllShortURLUseCaseIntegrationTests.swift; sourceTree = "<group>"; };
		775F78A426DBB16C0039E447 /* RemoveShortURLUseCase.swift */ = {isa = PBXFileReference; lastKnownFileType = sourcecode.swift; path = RemoveShortURLUseCase.swift; sourceTree = "<group>"; };
		775F78A626DBB5930039E447 /* DatabaseRemoveShortURLUseCase.swift */ = {isa = PBXFileReference; lastKnownFileType = sourcecode.swift; path = DatabaseRemoveShortURLUseCase.swift; sourceTree = "<group>"; };
		775F78A826DBB5B20039E447 /* DatabaseRemoveClient.swift */ = {isa = PBXFileReference; lastKnownFileType = sourcecode.swift; path = DatabaseRemoveClient.swift; sourceTree = "<group>"; };
		775F78AA26DBB6700039E447 /* CoreDataShortURLDatabaseRemoveClient.swift */ = {isa = PBXFileReference; lastKnownFileType = sourcecode.swift; path = CoreDataShortURLDatabaseRemoveClient.swift; sourceTree = "<group>"; };
		775F78AC26DBB9090039E447 /* DatabaseRemoveShortURLUseCaseTests.swift */ = {isa = PBXFileReference; lastKnownFileType = sourcecode.swift; path = DatabaseRemoveShortURLUseCaseTests.swift; sourceTree = "<group>"; };
		775F78AE26DBB92B0039E447 /* MockShortURLDatabaseRemoveClient.swift */ = {isa = PBXFileReference; lastKnownFileType = sourcecode.swift; path = MockShortURLDatabaseRemoveClient.swift; sourceTree = "<group>"; };
		775F78B026DBB9E10039E447 /* CoreDataShortURLDatabaseRemoveClientTests.swift */ = {isa = PBXFileReference; lastKnownFileType = sourcecode.swift; path = CoreDataShortURLDatabaseRemoveClientTests.swift; sourceTree = "<group>"; };
		775F78B226DBBB890039E447 /* RemoveShortURLUseCaseIntegrationTests.swift */ = {isa = PBXFileReference; lastKnownFileType = sourcecode.swift; path = RemoveShortURLUseCaseIntegrationTests.swift; sourceTree = "<group>"; };
		775F78B526DBBE6A0039E447 /* ShortlyViewModelTests.swift */ = {isa = PBXFileReference; lastKnownFileType = sourcecode.swift; path = ShortlyViewModelTests.swift; sourceTree = "<group>"; };
		775F78B826DBC1570039E447 /* ShortlyURLViewModelTests.swift */ = {isa = PBXFileReference; lastKnownFileType = sourcecode.swift; path = ShortlyURLViewModelTests.swift; sourceTree = "<group>"; };
		775F78BC26DBC25A0039E447 /* ShortlyURLViewModel.swift */ = {isa = PBXFileReference; lastKnownFileType = sourcecode.swift; path = ShortlyURLViewModel.swift; sourceTree = "<group>"; };
		775F78BE26DBD7450039E447 /* ShortlyViewModel.swift */ = {isa = PBXFileReference; lastKnownFileType = sourcecode.swift; path = ShortlyViewModel.swift; sourceTree = "<group>"; };
		775F78C126DBD9AB0039E447 /* ShortlyUIView.swift */ = {isa = PBXFileReference; lastKnownFileType = sourcecode.swift; path = ShortlyUIView.swift; sourceTree = "<group>"; };
		775F78C326DBE3400039E447 /* Colors.swift */ = {isa = PBXFileReference; lastKnownFileType = sourcecode.swift; path = Colors.swift; sourceTree = "<group>"; };
		775F78C726DBE4F70039E447 /* Poppins-Medium.ttf */ = {isa = PBXFileReference; lastKnownFileType = file; path = "Poppins-Medium.ttf"; sourceTree = "<group>"; };
		775F78C926DBE5040039E447 /* Poppins-Bold.ttf */ = {isa = PBXFileReference; lastKnownFileType = file; path = "Poppins-Bold.ttf"; sourceTree = "<group>"; };
		775F78CA26DBE5730039E447 /* Fonts.swift */ = {isa = PBXFileReference; lastKnownFileType = sourcecode.swift; path = Fonts.swift; sourceTree = "<group>"; };
		775F78CD26DBFE9F0039E447 /* ShortlyViewCell.swift */ = {isa = PBXFileReference; lastKnownFileType = sourcecode.swift; path = ShortlyViewCell.swift; sourceTree = "<group>"; };
		775F78CF26DC01330039E447 /* EmptyView.swift */ = {isa = PBXFileReference; lastKnownFileType = sourcecode.swift; path = EmptyView.swift; sourceTree = "<group>"; };
		775F78D126DC01E10039E447 /* ShortlyListView.swift */ = {isa = PBXFileReference; lastKnownFileType = sourcecode.swift; path = ShortlyListView.swift; sourceTree = "<group>"; };
		775F78D326DC03030039E447 /* ShortenLinkContainerView.swift */ = {isa = PBXFileReference; lastKnownFileType = sourcecode.swift; path = ShortenLinkContainerView.swift; sourceTree = "<group>"; };
		775F78D626DC05020039E447 /* MainButton.swift */ = {isa = PBXFileReference; lastKnownFileType = sourcecode.swift; path = MainButton.swift; sourceTree = "<group>"; };
/* End PBXFileReference section */

/* Begin PBXFrameworksBuildPhase section */
		775F77FD26D9B78F0039E447 /* Frameworks */ = {
			isa = PBXFrameworksBuildPhase;
			buildActionMask = 2147483647;
			files = (
			);
			runOnlyForDeploymentPostprocessing = 0;
		};
		775F781326D9B7900039E447 /* Frameworks */ = {
			isa = PBXFrameworksBuildPhase;
			buildActionMask = 2147483647;
			files = (
			);
			runOnlyForDeploymentPostprocessing = 0;
		};
		775F781E26D9B7900039E447 /* Frameworks */ = {
			isa = PBXFrameworksBuildPhase;
			buildActionMask = 2147483647;
			files = (
			);
			runOnlyForDeploymentPostprocessing = 0;
		};
/* End PBXFrameworksBuildPhase section */

/* Begin PBXGroup section */
		775F77F726D9B78F0039E447 = {
			isa = PBXGroup;
			children = (
				775F780226D9B78F0039E447 /* Shortly */,
				775F781926D9B7900039E447 /* ShortlyTests */,
				775F782426D9B7900039E447 /* ShortlyUITests */,
				775F780126D9B78F0039E447 /* Products */,
			);
			sourceTree = "<group>";
		};
		775F780126D9B78F0039E447 /* Products */ = {
			isa = PBXGroup;
			children = (
				775F780026D9B78F0039E447 /* Shortly.app */,
				775F781626D9B7900039E447 /* ShortlyTests.xctest */,
				775F782126D9B7900039E447 /* ShortlyUITests.xctest */,
			);
			name = Products;
			sourceTree = "<group>";
		};
		775F780226D9B78F0039E447 /* Shortly */ = {
			isa = PBXGroup;
			children = (
				775F783626D9B9DD0039E447 /* Domain */,
				775F785426DA70EC0039E447 /* Data */,
				775F788826DAA7240039E447 /* Infra */,
				775F78BA26DBC2290039E447 /* Presenter */,
				775F780526D9B78F0039E447 /* ContentView.swift */,
				775F78C026DBD98E0039E447 /* UI */,
				775F780326D9B78F0039E447 /* ShortlyApp.swift */,
				775F78C526DBE4BD0039E447 /* Resources */,
				775F781126D9B7900039E447 /* Info.plist */,
				775F780E26D9B7900039E447 /* Shortly.xcdatamodeld */,
				775F780926D9B7900039E447 /* Preview Content */,
			);
			path = Shortly;
			sourceTree = "<group>";
		};
		775F780926D9B7900039E447 /* Preview Content */ = {
			isa = PBXGroup;
			children = (
				775F780A26D9B7900039E447 /* Preview Assets.xcassets */,
			);
			path = "Preview Content";
			sourceTree = "<group>";
		};
		775F781926D9B7900039E447 /* ShortlyTests */ = {
			isa = PBXGroup;
			children = (
				775F789D26DAD7D90039E447 /* UseCaseIntegration */,
				775F786126DA75AD0039E447 /* Mocks */,
				775F783826D9BA4F0039E447 /* Domain */,
				775F785626DA71210039E447 /* Data */,
				775F788426DA97E90039E447 /* Infra */,
				775F78B426DBBD770039E447 /* Presenter */,
				775F781A26D9B7900039E447 /* ShortlyTests.swift */,
				775F781C26D9B7900039E447 /* Info.plist */,
			);
			path = ShortlyTests;
			sourceTree = "<group>";
		};
		775F782426D9B7900039E447 /* ShortlyUITests */ = {
			isa = PBXGroup;
			children = (
				775F782526D9B7900039E447 /* ShortlyUITests.swift */,
				775F782726D9B7900039E447 /* Info.plist */,
			);
			path = ShortlyUITests;
			sourceTree = "<group>";
		};
		775F783626D9B9DD0039E447 /* Domain */ = {
			isa = PBXGroup;
			children = (
				775F784D26DA68280039E447 /* Error */,
				775F784226DA64050039E447 /* UseCase */,
				775F783726D9BA350039E447 /* Model */,
			);
			path = Domain;
			sourceTree = "<group>";
		};
		775F783726D9BA350039E447 /* Model */ = {
			isa = PBXGroup;
			children = (
				775F783C26D9BBE10039E447 /* Model.swift */,
				775F784026D9C27B0039E447 /* ShortlyURLModel.swift */,
			);
			path = Model;
			sourceTree = "<group>";
		};
		775F783826D9BA4F0039E447 /* Domain */ = {
			isa = PBXGroup;
			children = (
				775F784826DA65E60039E447 /* Error */,
				775F784526DA64360039E447 /* UseCase */,
				775F783926D9BA570039E447 /* Model */,
			);
			path = Domain;
			sourceTree = "<group>";
		};
		775F783926D9BA570039E447 /* Model */ = {
			isa = PBXGroup;
			children = (
				775F783A26D9BA760039E447 /* ModelTests.swift */,
				775F783E26D9BF140039E447 /* ShortlyURLModelTests.swift */,
			);
			path = Model;
			sourceTree = "<group>";
		};
		775F784226DA64050039E447 /* UseCase */ = {
			isa = PBXGroup;
			children = (
				775F784326DA642D0039E447 /* FetchShortURLUseCase.swift */,
				775F786C26DA87560039E447 /* SaveShortURLUseCase.swift */,
				775F78A426DBB16C0039E447 /* RemoveShortURLUseCase.swift */,
				775F785226DA70180039E447 /* FetchAllShortURLUseCase.swift */,
			);
			path = UseCase;
			sourceTree = "<group>";
		};
		775F784526DA64360039E447 /* UseCase */ = {
			isa = PBXGroup;
			children = (
				775F784626DA65620039E447 /* FetchShortURLUseCaseModelTests.swift */,
			);
			path = UseCase;
			sourceTree = "<group>";
		};
		775F784826DA65E60039E447 /* Error */ = {
			isa = PBXGroup;
			children = (
				775F784B26DA66700039E447 /* FetchShortURErrorTests.swift */,
			);
			path = Error;
			sourceTree = "<group>";
		};
		775F784D26DA68280039E447 /* Error */ = {
			isa = PBXGroup;
			children = (
				775F787C26DA91E00039E447 /* FetchAllShortURLError.swift */,
				775F784E26DA683C0039E447 /* FetchShortURLError.swift */,
			);
			path = Error;
			sourceTree = "<group>";
		};
		775F785426DA70EC0039E447 /* Data */ = {
			isa = PBXGroup;
			children = (
				775F786E26DA88DB0039E447 /* Database */,
				775F786926DA81900039E447 /* Helper */,
				775F786626DA81640039E447 /* UseCase */,
				775F785526DA71130039E447 /* Network */,
			);
			path = Data;
			sourceTree = "<group>";
		};
		775F785526DA71130039E447 /* Network */ = {
			isa = PBXGroup;
			children = (
				775F785826DA71650039E447 /* HTTPGetClient.swift */,
				775F785A26DA71DC0039E447 /* HTTPError.swift */,
			);
			path = Network;
			sourceTree = "<group>";
		};
		775F785626DA71210039E447 /* Data */ = {
			isa = PBXGroup;
			children = (
				775F785E26DA72A70039E447 /* UseCase */,
			);
			path = Data;
			sourceTree = "<group>";
		};
		775F785E26DA72A70039E447 /* UseCase */ = {
			isa = PBXGroup;
			children = (
				775F785F26DA72E20039E447 /* RemoteFetchShortURLUseCaseTests.swift */,
				775F787826DA8BFB0039E447 /* DatabaseFetchAllShortURLUseCaseTests.swift */,
				775F78AC26DBB9090039E447 /* DatabaseRemoveShortURLUseCaseTests.swift */,
				775F788026DA93140039E447 /* DatabaseSaveShortURLUseCaseTests.swift */,
			);
			path = UseCase;
			sourceTree = "<group>";
		};
		775F786126DA75AD0039E447 /* Mocks */ = {
			isa = PBXGroup;
			children = (
				775F786226DA75B50039E447 /* Data */,
			);
			path = Mocks;
			sourceTree = "<group>";
		};
		775F786226DA75B50039E447 /* Data */ = {
			isa = PBXGroup;
			children = (
				775F787326DA8A380039E447 /* Database */,
				775F786326DA75BC0039E447 /* Network */,
			);
			path = Data;
			sourceTree = "<group>";
		};
		775F786326DA75BC0039E447 /* Network */ = {
			isa = PBXGroup;
			children = (
				775F786426DA75DA0039E447 /* MockHTTPGetClient.swift */,
			);
			path = Network;
			sourceTree = "<group>";
		};
		775F786626DA81640039E447 /* UseCase */ = {
			isa = PBXGroup;
			children = (
				775F786726DA81760039E447 /* RemoteFetchShortURLUseCase.swift */,
				775F787E26DA928F0039E447 /* DatabaseFetchAllShortURLUseCase.swift */,
				775F78A626DBB5930039E447 /* DatabaseRemoveShortURLUseCase.swift */,
				775F788226DA97820039E447 /* DatabaseSaveShortURLUseCase.swift */,
			);
			path = UseCase;
			sourceTree = "<group>";
		};
		775F786926DA81900039E447 /* Helper */ = {
			isa = PBXGroup;
			children = (
				775F786A26DA81A50039E447 /* DataExtension.swift */,
			);
			path = Helper;
			sourceTree = "<group>";
		};
		775F786E26DA88DB0039E447 /* Database */ = {
			isa = PBXGroup;
			children = (
				775F787126DA89B50039E447 /* DatabaseSaveClient.swift */,
				775F78A826DBB5B20039E447 /* DatabaseRemoveClient.swift */,
				775F786F26DA89270039E447 /* DatabaseFetchAllClient.swift */,
				775F787A26DA90950039E447 /* DatabaseError.swift */,
			);
			path = Database;
			sourceTree = "<group>";
		};
		775F787326DA8A380039E447 /* Database */ = {
			isa = PBXGroup;
			children = (
				775F787626DA8B240039E447 /* MockShortURLDatabaseFetchAllClient.swift */,
				775F78AE26DBB92B0039E447 /* MockShortURLDatabaseRemoveClient.swift */,
				775F787426DA8A540039E447 /* MockShortURLDatabaseSaveClient.swift */,
			);
			path = Database;
			sourceTree = "<group>";
		};
		775F788426DA97E90039E447 /* Infra */ = {
			isa = PBXGroup;
			children = (
				775F788D26DAA80B0039E447 /* Database */,
				775F788526DA97F40039E447 /* Network */,
			);
			path = Infra;
			sourceTree = "<group>";
		};
		775F788526DA97F40039E447 /* Network */ = {
			isa = PBXGroup;
			children = (
				775F788626DA98360039E447 /* NativeHTTPGetClientTests.swift */,
			);
			path = Network;
			sourceTree = "<group>";
		};
		775F788826DAA7240039E447 /* Infra */ = {
			isa = PBXGroup;
			children = (
				775F789226DAC2D40039E447 /* Database */,
				775F788A26DAA73A0039E447 /* Network */,
			);
			path = Infra;
			sourceTree = "<group>";
		};
		775F788A26DAA73A0039E447 /* Network */ = {
			isa = PBXGroup;
			children = (
				775F788B26DAA74E0039E447 /* NativeHTTPGetClient.swift */,
			);
			path = Network;
			sourceTree = "<group>";
		};
		775F788D26DAA80B0039E447 /* Database */ = {
			isa = PBXGroup;
			children = (
				775F788E26DAA8450039E447 /* CoreDataShortURLDatabaseSaveClientTests.swift */,
				775F78B026DBB9E10039E447 /* CoreDataShortURLDatabaseRemoveClientTests.swift */,
				775F789026DAC2AC0039E447 /* CoreDataStoreTests.swift */,
				775F789926DACBBF0039E447 /* CoreDataFetchAllDatabaseClientTests.swift */,
			);
			path = Database;
			sourceTree = "<group>";
		};
		775F789226DAC2D40039E447 /* Database */ = {
			isa = PBXGroup;
			children = (
				775F789326DAC2E50039E447 /* CoreDataStore.swift */,
				775F789526DAC3770039E447 /* ShortlyURLManagedObjectExtension.swift */,
				775F789726DACB270039E447 /* CoreDataShortURLDatabaseSaveClient.swift */,
				775F78AA26DBB6700039E447 /* CoreDataShortURLDatabaseRemoveClient.swift */,
				775F789B26DAD5050039E447 /* CoreDataDatabaseFetchAllClient.swift */,
			);
			path = Database;
			sourceTree = "<group>";
		};
		775F789D26DAD7D90039E447 /* UseCaseIntegration */ = {
			isa = PBXGroup;
			children = (
				775F78B226DBBB890039E447 /* RemoveShortURLUseCaseIntegrationTests.swift */,
				775F78A026DBA4050039E447 /* SaveShortURLUseCaseIntegrationTests.swift */,
				775F78A226DBA7520039E447 /* FetchAllShortURLUseCaseIntegrationTests.swift */,
				775F789E26DAD8200039E447 /* FetchShortURLUseCaseIntegrationTests.swift */,
			);
			path = UseCaseIntegration;
			sourceTree = "<group>";
		};
		775F78B426DBBD770039E447 /* Presenter */ = {
			isa = PBXGroup;
			children = (
				775F78B726DBC10A0039E447 /* Model */,
				775F78B526DBBE6A0039E447 /* ShortlyViewModelTests.swift */,
			);
			path = Presenter;
			sourceTree = "<group>";
		};
		775F78B726DBC10A0039E447 /* Model */ = {
			isa = PBXGroup;
			children = (
				775F78B826DBC1570039E447 /* ShortlyURLViewModelTests.swift */,
			);
			path = Model;
			sourceTree = "<group>";
		};
		775F78BA26DBC2290039E447 /* Presenter */ = {
			isa = PBXGroup;
			children = (
				775F78BB26DBC2370039E447 /* Model */,
				775F78BE26DBD7450039E447 /* ShortlyViewModel.swift */,
			);
			path = Presenter;
			sourceTree = "<group>";
		};
		775F78BB26DBC2370039E447 /* Model */ = {
			isa = PBXGroup;
			children = (
				775F78BC26DBC25A0039E447 /* ShortlyURLViewModel.swift */,
			);
			path = Model;
			sourceTree = "<group>";
		};
		775F78C026DBD98E0039E447 /* UI */ = {
			isa = PBXGroup;
			children = (
				775F78CC26DBE96E0039E447 /* Views */,
				775F78C326DBE3400039E447 /* Colors.swift */,
				775F78CA26DBE5730039E447 /* Fonts.swift */,
			);
			path = UI;
			sourceTree = "<group>";
		};
		775F78C526DBE4BD0039E447 /* Resources */ = {
			isa = PBXGroup;
			children = (
				775F78C626DBE4CC0039E447 /* Font */,
				775F780726D9B7900039E447 /* Assets.xcassets */,
			);
			path = Resources;
			sourceTree = "<group>";
		};
		775F78C626DBE4CC0039E447 /* Font */ = {
			isa = PBXGroup;
			children = (
				775F78C726DBE4F70039E447 /* Poppins-Medium.ttf */,
				775F78C926DBE5040039E447 /* Poppins-Bold.ttf */,
			);
			path = Font;
			sourceTree = "<group>";
		};
		775F78CC26DBE96E0039E447 /* Views */ = {
			isa = PBXGroup;
			children = (
				775F78D526DC04E40039E447 /* Commons */,
				775F78C126DBD9AB0039E447 /* ShortlyUIView.swift */,
				775F78CD26DBFE9F0039E447 /* ShortlyViewCell.swift */,
				775F78CF26DC01330039E447 /* EmptyView.swift */,
				775F78D126DC01E10039E447 /* ShortlyListView.swift */,
				775F78D326DC03030039E447 /* ShortenLinkContainerView.swift */,
			);
			path = Views;
			sourceTree = "<group>";
		};
		775F78D526DC04E40039E447 /* Commons */ = {
			isa = PBXGroup;
			children = (
				775F78D626DC05020039E447 /* MainButton.swift */,
			);
			path = Commons;
			sourceTree = "<group>";
		};
/* End PBXGroup section */

/* Begin PBXNativeTarget section */
		775F77FF26D9B78F0039E447 /* Shortly */ = {
			isa = PBXNativeTarget;
			buildConfigurationList = 775F782A26D9B7900039E447 /* Build configuration list for PBXNativeTarget "Shortly" */;
			buildPhases = (
				775F77FC26D9B78F0039E447 /* Sources */,
				775F77FD26D9B78F0039E447 /* Frameworks */,
				775F77FE26D9B78F0039E447 /* Resources */,
			);
			buildRules = (
			);
			dependencies = (
			);
			name = Shortly;
			productName = Shortly;
			productReference = 775F780026D9B78F0039E447 /* Shortly.app */;
			productType = "com.apple.product-type.application";
		};
		775F781526D9B7900039E447 /* ShortlyTests */ = {
			isa = PBXNativeTarget;
			buildConfigurationList = 775F782D26D9B7900039E447 /* Build configuration list for PBXNativeTarget "ShortlyTests" */;
			buildPhases = (
				775F781226D9B7900039E447 /* Sources */,
				775F781326D9B7900039E447 /* Frameworks */,
				775F781426D9B7900039E447 /* Resources */,
			);
			buildRules = (
			);
			dependencies = (
				775F781826D9B7900039E447 /* PBXTargetDependency */,
			);
			name = ShortlyTests;
			productName = ShortlyTests;
			productReference = 775F781626D9B7900039E447 /* ShortlyTests.xctest */;
			productType = "com.apple.product-type.bundle.unit-test";
		};
		775F782026D9B7900039E447 /* ShortlyUITests */ = {
			isa = PBXNativeTarget;
			buildConfigurationList = 775F783026D9B7900039E447 /* Build configuration list for PBXNativeTarget "ShortlyUITests" */;
			buildPhases = (
				775F781D26D9B7900039E447 /* Sources */,
				775F781E26D9B7900039E447 /* Frameworks */,
				775F781F26D9B7900039E447 /* Resources */,
			);
			buildRules = (
			);
			dependencies = (
				775F782326D9B7900039E447 /* PBXTargetDependency */,
			);
			name = ShortlyUITests;
			productName = ShortlyUITests;
			productReference = 775F782126D9B7900039E447 /* ShortlyUITests.xctest */;
			productType = "com.apple.product-type.bundle.ui-testing";
		};
/* End PBXNativeTarget section */

/* Begin PBXProject section */
		775F77F826D9B78F0039E447 /* Project object */ = {
			isa = PBXProject;
			attributes = {
				LastSwiftUpdateCheck = 1250;
				LastUpgradeCheck = 1250;
				TargetAttributes = {
					775F77FF26D9B78F0039E447 = {
						CreatedOnToolsVersion = 12.5;
					};
					775F781526D9B7900039E447 = {
						CreatedOnToolsVersion = 12.5;
						TestTargetID = 775F77FF26D9B78F0039E447;
					};
					775F782026D9B7900039E447 = {
						CreatedOnToolsVersion = 12.5;
						TestTargetID = 775F77FF26D9B78F0039E447;
					};
				};
			};
			buildConfigurationList = 775F77FB26D9B78F0039E447 /* Build configuration list for PBXProject "Shortly" */;
			compatibilityVersion = "Xcode 9.3";
			developmentRegion = en;
			hasScannedForEncodings = 0;
			knownRegions = (
				en,
				Base,
			);
			mainGroup = 775F77F726D9B78F0039E447;
			productRefGroup = 775F780126D9B78F0039E447 /* Products */;
			projectDirPath = "";
			projectRoot = "";
			targets = (
				775F77FF26D9B78F0039E447 /* Shortly */,
				775F781526D9B7900039E447 /* ShortlyTests */,
				775F782026D9B7900039E447 /* ShortlyUITests */,
			);
		};
/* End PBXProject section */

/* Begin PBXResourcesBuildPhase section */
		775F77FE26D9B78F0039E447 /* Resources */ = {
			isa = PBXResourcesBuildPhase;
			buildActionMask = 2147483647;
			files = (
				775F78C826DBE4F70039E447 /* Poppins-Medium.ttf in Resources */,
				775F780B26D9B7900039E447 /* Preview Assets.xcassets in Resources */,
				775F780826D9B7900039E447 /* Assets.xcassets in Resources */,
			);
			runOnlyForDeploymentPostprocessing = 0;
		};
		775F781426D9B7900039E447 /* Resources */ = {
			isa = PBXResourcesBuildPhase;
			buildActionMask = 2147483647;
			files = (
			);
			runOnlyForDeploymentPostprocessing = 0;
		};
		775F781F26D9B7900039E447 /* Resources */ = {
			isa = PBXResourcesBuildPhase;
			buildActionMask = 2147483647;
			files = (
			);
			runOnlyForDeploymentPostprocessing = 0;
		};
/* End PBXResourcesBuildPhase section */

/* Begin PBXSourcesBuildPhase section */
		775F77FC26D9B78F0039E447 /* Sources */ = {
			isa = PBXSourcesBuildPhase;
			buildActionMask = 2147483647;
			files = (
				775F788326DA97820039E447 /* DatabaseSaveShortURLUseCase.swift in Sources */,
				775F78D426DC03030039E447 /* ShortenLinkContainerView.swift in Sources */,
				775F787D26DA91E00039E447 /* FetchAllShortURLError.swift in Sources */,
				775F783D26D9BBE10039E447 /* Model.swift in Sources */,
				775F785B26DA71DC0039E447 /* HTTPError.swift in Sources */,
				775F786826DA81760039E447 /* RemoteFetchShortURLUseCase.swift in Sources */,
				775F787B26DA90950039E447 /* DatabaseError.swift in Sources */,
				775F78A526DBB16C0039E447 /* RemoveShortURLUseCase.swift in Sources */,
				775F78D226DC01E10039E447 /* ShortlyListView.swift in Sources */,
				775F78CE26DBFE9F0039E447 /* ShortlyViewCell.swift in Sources */,
				775F785926DA71650039E447 /* HTTPGetClient.swift in Sources */,
				775F781026D9B7900039E447 /* Shortly.xcdatamodeld in Sources */,
				775F789C26DAD5050039E447 /* CoreDataDatabaseFetchAllClient.swift in Sources */,
				775F78D726DC05020039E447 /* MainButton.swift in Sources */,
				775F786B26DA81A50039E447 /* DataExtension.swift in Sources */,
				775F786D26DA87560039E447 /* SaveShortURLUseCase.swift in Sources */,
				775F78AB26DBB7000039E447 /* CoreDataShortURLDatabaseRemoveClient.swift in Sources */,
				775F788C26DAA74E0039E447 /* NativeHTTPGetClient.swift in Sources */,
				775F780626D9B78F0039E447 /* ContentView.swift in Sources */,
				775F780426D9B78F0039E447 /* ShortlyApp.swift in Sources */,
				775F789626DAC3770039E447 /* ShortlyURLManagedObjectExtension.swift in Sources */,
				775F787226DA89B50039E447 /* DatabaseSaveClient.swift in Sources */,
				775F78CB26DBE5730039E447 /* Fonts.swift in Sources */,
				775F787026DA89270039E447 /* DatabaseFetchAllClient.swift in Sources */,
				775F78C226DBD9AB0039E447 /* ShortlyUIView.swift in Sources */,
				775F785326DA70180039E447 /* FetchAllShortURLUseCase.swift in Sources */,
				775F78BD26DBC25A0039E447 /* ShortlyURLViewModel.swift in Sources */,
				775F78BF26DBD7450039E447 /* ShortlyViewModel.swift in Sources */,
				775F78D026DC01330039E447 /* EmptyView.swift in Sources */,
				775F787F26DA928F0039E447 /* DatabaseFetchAllShortURLUseCase.swift in Sources */,
				775F78C426DBE3400039E447 /* Colors.swift in Sources */,
				775F784126D9C27B0039E447 /* ShortlyURLModel.swift in Sources */,
				775F78A726DBB5930039E447 /* DatabaseRemoveShortURLUseCase.swift in Sources */,
				775F784F26DA683C0039E447 /* FetchShortURLError.swift in Sources */,
				775F78A926DBB5B20039E447 /* DatabaseRemoveClient.swift in Sources */,
				775F789826DACB270039E447 /* CoreDataShortURLDatabaseSaveClient.swift in Sources */,
				775F784426DA642D0039E447 /* FetchShortURLUseCase.swift in Sources */,
			);
			runOnlyForDeploymentPostprocessing = 0;
		};
		775F781226D9B7900039E447 /* Sources */ = {
			isa = PBXSourcesBuildPhase;
			buildActionMask = 2147483647;
			files = (
				775F787926DA8BFB0039E447 /* DatabaseFetchAllShortURLUseCaseTests.swift in Sources */,
				775F78B126DBB9E10039E447 /* CoreDataShortURLDatabaseRemoveClientTests.swift in Sources */,
				775F781B26D9B7900039E447 /* ShortlyTests.swift in Sources */,
				775F78A126DBA4050039E447 /* SaveShortURLUseCaseIntegrationTests.swift in Sources */,
				775F789126DAC2AC0039E447 /* CoreDataStoreTests.swift in Sources */,
				775F788126DA93140039E447 /* DatabaseSaveShortURLUseCaseTests.swift in Sources */,
				775F78B626DBBE6A0039E447 /* ShortlyViewModelTests.swift in Sources */,
				775F784C26DA66700039E447 /* FetchShortURErrorTests.swift in Sources */,
				775F786526DA75DA0039E447 /* MockHTTPGetClient.swift in Sources */,
				775F784726DA65620039E447 /* FetchShortURLUseCaseModelTests.swift in Sources */,
				775F78AD26DBB9090039E447 /* DatabaseRemoveShortURLUseCaseTests.swift in Sources */,
				775F787726DA8B240039E447 /* MockShortURLDatabaseFetchAllClient.swift in Sources */,
				775F78B926DBC1570039E447 /* ShortlyURLViewModelTests.swift in Sources */,
				775F78AF26DBB92C0039E447 /* MockShortURLDatabaseRemoveClient.swift in Sources */,
				775F787526DA8A540039E447 /* MockShortURLDatabaseSaveClient.swift in Sources */,
				775F789426DAC2E50039E447 /* CoreDataStore.swift in Sources */,
				775F78B326DBBB890039E447 /* RemoveShortURLUseCaseIntegrationTests.swift in Sources */,
				775F789A26DACBBF0039E447 /* CoreDataFetchAllDatabaseClientTests.swift in Sources */,
				775F78A326DBA7520039E447 /* FetchAllShortURLUseCaseIntegrationTests.swift in Sources */,
				775F786026DA72E20039E447 /* RemoteFetchShortURLUseCaseTests.swift in Sources */,
				775F788726DA98360039E447 /* NativeHTTPGetClientTests.swift in Sources */,
				775F788F26DAA8450039E447 /* CoreDataShortURLDatabaseSaveClientTests.swift in Sources */,
				775F783B26D9BA760039E447 /* ModelTests.swift in Sources */,
				775F783F26D9BF140039E447 /* ShortlyURLModelTests.swift in Sources */,
				775F789F26DAD8200039E447 /* FetchShortURLUseCaseIntegrationTests.swift in Sources */,
			);
			runOnlyForDeploymentPostprocessing = 0;
		};
		775F781D26D9B7900039E447 /* Sources */ = {
			isa = PBXSourcesBuildPhase;
			buildActionMask = 2147483647;
			files = (
				775F782626D9B7900039E447 /* ShortlyUITests.swift in Sources */,
			);
			runOnlyForDeploymentPostprocessing = 0;
		};
/* End PBXSourcesBuildPhase section */

/* Begin PBXTargetDependency section */
		775F781826D9B7900039E447 /* PBXTargetDependency */ = {
			isa = PBXTargetDependency;
			target = 775F77FF26D9B78F0039E447 /* Shortly */;
			targetProxy = 775F781726D9B7900039E447 /* PBXContainerItemProxy */;
		};
		775F782326D9B7900039E447 /* PBXTargetDependency */ = {
			isa = PBXTargetDependency;
			target = 775F77FF26D9B78F0039E447 /* Shortly */;
			targetProxy = 775F782226D9B7900039E447 /* PBXContainerItemProxy */;
		};
/* End PBXTargetDependency section */

/* Begin XCBuildConfiguration section */
		775F782826D9B7900039E447 /* Debug */ = {
			isa = XCBuildConfiguration;
			buildSettings = {
				ALWAYS_SEARCH_USER_PATHS = NO;
				CLANG_ANALYZER_NONNULL = YES;
				CLANG_ANALYZER_NUMBER_OBJECT_CONVERSION = YES_AGGRESSIVE;
				CLANG_CXX_LANGUAGE_STANDARD = "gnu++14";
				CLANG_CXX_LIBRARY = "libc++";
				CLANG_ENABLE_MODULES = YES;
				CLANG_ENABLE_OBJC_ARC = YES;
				CLANG_ENABLE_OBJC_WEAK = YES;
				CLANG_WARN_BLOCK_CAPTURE_AUTORELEASING = YES;
				CLANG_WARN_BOOL_CONVERSION = YES;
				CLANG_WARN_COMMA = YES;
				CLANG_WARN_CONSTANT_CONVERSION = YES;
				CLANG_WARN_DEPRECATED_OBJC_IMPLEMENTATIONS = YES;
				CLANG_WARN_DIRECT_OBJC_ISA_USAGE = YES_ERROR;
				CLANG_WARN_DOCUMENTATION_COMMENTS = YES;
				CLANG_WARN_EMPTY_BODY = YES;
				CLANG_WARN_ENUM_CONVERSION = YES;
				CLANG_WARN_INFINITE_RECURSION = YES;
				CLANG_WARN_INT_CONVERSION = YES;
				CLANG_WARN_NON_LITERAL_NULL_CONVERSION = YES;
				CLANG_WARN_OBJC_IMPLICIT_RETAIN_SELF = YES;
				CLANG_WARN_OBJC_LITERAL_CONVERSION = YES;
				CLANG_WARN_OBJC_ROOT_CLASS = YES_ERROR;
				CLANG_WARN_QUOTED_INCLUDE_IN_FRAMEWORK_HEADER = YES;
				CLANG_WARN_RANGE_LOOP_ANALYSIS = YES;
				CLANG_WARN_STRICT_PROTOTYPES = YES;
				CLANG_WARN_SUSPICIOUS_MOVE = YES;
				CLANG_WARN_UNGUARDED_AVAILABILITY = YES_AGGRESSIVE;
				CLANG_WARN_UNREACHABLE_CODE = YES;
				CLANG_WARN__DUPLICATE_METHOD_MATCH = YES;
				COPY_PHASE_STRIP = NO;
				DEBUG_INFORMATION_FORMAT = dwarf;
				ENABLE_STRICT_OBJC_MSGSEND = YES;
				ENABLE_TESTABILITY = YES;
				GCC_C_LANGUAGE_STANDARD = gnu11;
				GCC_DYNAMIC_NO_PIC = NO;
				GCC_NO_COMMON_BLOCKS = YES;
				GCC_OPTIMIZATION_LEVEL = 0;
				GCC_PREPROCESSOR_DEFINITIONS = (
					"DEBUG=1",
					"$(inherited)",
				);
				GCC_WARN_64_TO_32_BIT_CONVERSION = YES;
				GCC_WARN_ABOUT_RETURN_TYPE = YES_ERROR;
				GCC_WARN_UNDECLARED_SELECTOR = YES;
				GCC_WARN_UNINITIALIZED_AUTOS = YES_AGGRESSIVE;
				GCC_WARN_UNUSED_FUNCTION = YES;
				GCC_WARN_UNUSED_VARIABLE = YES;
				IPHONEOS_DEPLOYMENT_TARGET = 14.5;
				MTL_ENABLE_DEBUG_INFO = INCLUDE_SOURCE;
				MTL_FAST_MATH = YES;
				ONLY_ACTIVE_ARCH = YES;
				SDKROOT = iphoneos;
				SWIFT_ACTIVE_COMPILATION_CONDITIONS = DEBUG;
				SWIFT_OPTIMIZATION_LEVEL = "-Onone";
			};
			name = Debug;
		};
		775F782926D9B7900039E447 /* Release */ = {
			isa = XCBuildConfiguration;
			buildSettings = {
				ALWAYS_SEARCH_USER_PATHS = NO;
				CLANG_ANALYZER_NONNULL = YES;
				CLANG_ANALYZER_NUMBER_OBJECT_CONVERSION = YES_AGGRESSIVE;
				CLANG_CXX_LANGUAGE_STANDARD = "gnu++14";
				CLANG_CXX_LIBRARY = "libc++";
				CLANG_ENABLE_MODULES = YES;
				CLANG_ENABLE_OBJC_ARC = YES;
				CLANG_ENABLE_OBJC_WEAK = YES;
				CLANG_WARN_BLOCK_CAPTURE_AUTORELEASING = YES;
				CLANG_WARN_BOOL_CONVERSION = YES;
				CLANG_WARN_COMMA = YES;
				CLANG_WARN_CONSTANT_CONVERSION = YES;
				CLANG_WARN_DEPRECATED_OBJC_IMPLEMENTATIONS = YES;
				CLANG_WARN_DIRECT_OBJC_ISA_USAGE = YES_ERROR;
				CLANG_WARN_DOCUMENTATION_COMMENTS = YES;
				CLANG_WARN_EMPTY_BODY = YES;
				CLANG_WARN_ENUM_CONVERSION = YES;
				CLANG_WARN_INFINITE_RECURSION = YES;
				CLANG_WARN_INT_CONVERSION = YES;
				CLANG_WARN_NON_LITERAL_NULL_CONVERSION = YES;
				CLANG_WARN_OBJC_IMPLICIT_RETAIN_SELF = YES;
				CLANG_WARN_OBJC_LITERAL_CONVERSION = YES;
				CLANG_WARN_OBJC_ROOT_CLASS = YES_ERROR;
				CLANG_WARN_QUOTED_INCLUDE_IN_FRAMEWORK_HEADER = YES;
				CLANG_WARN_RANGE_LOOP_ANALYSIS = YES;
				CLANG_WARN_STRICT_PROTOTYPES = YES;
				CLANG_WARN_SUSPICIOUS_MOVE = YES;
				CLANG_WARN_UNGUARDED_AVAILABILITY = YES_AGGRESSIVE;
				CLANG_WARN_UNREACHABLE_CODE = YES;
				CLANG_WARN__DUPLICATE_METHOD_MATCH = YES;
				COPY_PHASE_STRIP = NO;
				DEBUG_INFORMATION_FORMAT = "dwarf-with-dsym";
				ENABLE_NS_ASSERTIONS = NO;
				ENABLE_STRICT_OBJC_MSGSEND = YES;
				GCC_C_LANGUAGE_STANDARD = gnu11;
				GCC_NO_COMMON_BLOCKS = YES;
				GCC_WARN_64_TO_32_BIT_CONVERSION = YES;
				GCC_WARN_ABOUT_RETURN_TYPE = YES_ERROR;
				GCC_WARN_UNDECLARED_SELECTOR = YES;
				GCC_WARN_UNINITIALIZED_AUTOS = YES_AGGRESSIVE;
				GCC_WARN_UNUSED_FUNCTION = YES;
				GCC_WARN_UNUSED_VARIABLE = YES;
				IPHONEOS_DEPLOYMENT_TARGET = 14.5;
				MTL_ENABLE_DEBUG_INFO = NO;
				MTL_FAST_MATH = YES;
				SDKROOT = iphoneos;
				SWIFT_COMPILATION_MODE = wholemodule;
				SWIFT_OPTIMIZATION_LEVEL = "-O";
				VALIDATE_PRODUCT = YES;
			};
			name = Release;
		};
		775F782B26D9B7900039E447 /* Debug */ = {
			isa = XCBuildConfiguration;
			buildSettings = {
				ASSETCATALOG_COMPILER_APPICON_NAME = AppIcon;
				ASSETCATALOG_COMPILER_GLOBAL_ACCENT_COLOR_NAME = AccentColor;
				CODE_SIGN_STYLE = Automatic;
				DEVELOPMENT_ASSET_PATHS = "\"Shortly/Preview Content\"";
				DEVELOPMENT_TEAM = 66KNLMFJQ2;
				ENABLE_PREVIEWS = YES;
				INFOPLIST_FILE = Shortly/Info.plist;
				IPHONEOS_DEPLOYMENT_TARGET = 14.0;
				LD_RUNPATH_SEARCH_PATHS = (
					"$(inherited)",
					"@executable_path/Frameworks",
				);
				PRODUCT_BUNDLE_IDENTIFIER = com.marcosvcbrito.Shortly;
				PRODUCT_NAME = "$(TARGET_NAME)";
				SWIFT_VERSION = 5.0;
				TARGETED_DEVICE_FAMILY = "1,2";
			};
			name = Debug;
		};
		775F782C26D9B7900039E447 /* Release */ = {
			isa = XCBuildConfiguration;
			buildSettings = {
				ASSETCATALOG_COMPILER_APPICON_NAME = AppIcon;
				ASSETCATALOG_COMPILER_GLOBAL_ACCENT_COLOR_NAME = AccentColor;
				CODE_SIGN_STYLE = Automatic;
				DEVELOPMENT_ASSET_PATHS = "\"Shortly/Preview Content\"";
				DEVELOPMENT_TEAM = 66KNLMFJQ2;
				ENABLE_PREVIEWS = YES;
				INFOPLIST_FILE = Shortly/Info.plist;
				IPHONEOS_DEPLOYMENT_TARGET = 14.0;
				LD_RUNPATH_SEARCH_PATHS = (
					"$(inherited)",
					"@executable_path/Frameworks",
				);
				PRODUCT_BUNDLE_IDENTIFIER = com.marcosvcbrito.Shortly;
				PRODUCT_NAME = "$(TARGET_NAME)";
				SWIFT_VERSION = 5.0;
				TARGETED_DEVICE_FAMILY = "1,2";
			};
			name = Release;
		};
		775F782E26D9B7900039E447 /* Debug */ = {
			isa = XCBuildConfiguration;
			buildSettings = {
				ALWAYS_EMBED_SWIFT_STANDARD_LIBRARIES = YES;
				BUNDLE_LOADER = "$(TEST_HOST)";
				CODE_SIGN_STYLE = Automatic;
				DEVELOPMENT_TEAM = 66KNLMFJQ2;
				INFOPLIST_FILE = ShortlyTests/Info.plist;
				IPHONEOS_DEPLOYMENT_TARGET = 14.0;
				LD_RUNPATH_SEARCH_PATHS = (
					"$(inherited)",
					"@executable_path/Frameworks",
					"@loader_path/Frameworks",
				);
				PRODUCT_BUNDLE_IDENTIFIER = com.marcosvcbrito.ShortlyTests;
				PRODUCT_NAME = "$(TARGET_NAME)";
				SWIFT_VERSION = 5.0;
				TARGETED_DEVICE_FAMILY = "1,2";
				TEST_HOST = "$(BUILT_PRODUCTS_DIR)/Shortly.app/Shortly";
			};
			name = Debug;
		};
		775F782F26D9B7900039E447 /* Release */ = {
			isa = XCBuildConfiguration;
			buildSettings = {
				ALWAYS_EMBED_SWIFT_STANDARD_LIBRARIES = YES;
				BUNDLE_LOADER = "$(TEST_HOST)";
				CODE_SIGN_STYLE = Automatic;
				DEVELOPMENT_TEAM = 66KNLMFJQ2;
				INFOPLIST_FILE = ShortlyTests/Info.plist;
				IPHONEOS_DEPLOYMENT_TARGET = 14.0;
				LD_RUNPATH_SEARCH_PATHS = (
					"$(inherited)",
					"@executable_path/Frameworks",
					"@loader_path/Frameworks",
				);
				PRODUCT_BUNDLE_IDENTIFIER = com.marcosvcbrito.ShortlyTests;
				PRODUCT_NAME = "$(TARGET_NAME)";
				SWIFT_VERSION = 5.0;
				TARGETED_DEVICE_FAMILY = "1,2";
				TEST_HOST = "$(BUILT_PRODUCTS_DIR)/Shortly.app/Shortly";
			};
			name = Release;
		};
		775F783126D9B7900039E447 /* Debug */ = {
			isa = XCBuildConfiguration;
			buildSettings = {
				ALWAYS_EMBED_SWIFT_STANDARD_LIBRARIES = YES;
				CODE_SIGN_STYLE = Automatic;
				DEVELOPMENT_TEAM = 66KNLMFJQ2;
				INFOPLIST_FILE = ShortlyUITests/Info.plist;
				LD_RUNPATH_SEARCH_PATHS = (
					"$(inherited)",
					"@executable_path/Frameworks",
					"@loader_path/Frameworks",
				);
				PRODUCT_BUNDLE_IDENTIFIER = com.marcosvcbrito.ShortlyUITests;
				PRODUCT_NAME = "$(TARGET_NAME)";
				SWIFT_VERSION = 5.0;
				TARGETED_DEVICE_FAMILY = "1,2";
				TEST_TARGET_NAME = Shortly;
			};
			name = Debug;
		};
		775F783226D9B7900039E447 /* Release */ = {
			isa = XCBuildConfiguration;
			buildSettings = {
				ALWAYS_EMBED_SWIFT_STANDARD_LIBRARIES = YES;
				CODE_SIGN_STYLE = Automatic;
				DEVELOPMENT_TEAM = 66KNLMFJQ2;
				INFOPLIST_FILE = ShortlyUITests/Info.plist;
				LD_RUNPATH_SEARCH_PATHS = (
					"$(inherited)",
					"@executable_path/Frameworks",
					"@loader_path/Frameworks",
				);
				PRODUCT_BUNDLE_IDENTIFIER = com.marcosvcbrito.ShortlyUITests;
				PRODUCT_NAME = "$(TARGET_NAME)";
				SWIFT_VERSION = 5.0;
				TARGETED_DEVICE_FAMILY = "1,2";
				TEST_TARGET_NAME = Shortly;
			};
			name = Release;
		};
/* End XCBuildConfiguration section */

/* Begin XCConfigurationList section */
		775F77FB26D9B78F0039E447 /* Build configuration list for PBXProject "Shortly" */ = {
			isa = XCConfigurationList;
			buildConfigurations = (
				775F782826D9B7900039E447 /* Debug */,
				775F782926D9B7900039E447 /* Release */,
			);
			defaultConfigurationIsVisible = 0;
			defaultConfigurationName = Release;
		};
		775F782A26D9B7900039E447 /* Build configuration list for PBXNativeTarget "Shortly" */ = {
			isa = XCConfigurationList;
			buildConfigurations = (
				775F782B26D9B7900039E447 /* Debug */,
				775F782C26D9B7900039E447 /* Release */,
			);
			defaultConfigurationIsVisible = 0;
			defaultConfigurationName = Release;
		};
		775F782D26D9B7900039E447 /* Build configuration list for PBXNativeTarget "ShortlyTests" */ = {
			isa = XCConfigurationList;
			buildConfigurations = (
				775F782E26D9B7900039E447 /* Debug */,
				775F782F26D9B7900039E447 /* Release */,
			);
			defaultConfigurationIsVisible = 0;
			defaultConfigurationName = Release;
		};
		775F783026D9B7900039E447 /* Build configuration list for PBXNativeTarget "ShortlyUITests" */ = {
			isa = XCConfigurationList;
			buildConfigurations = (
				775F783126D9B7900039E447 /* Debug */,
				775F783226D9B7900039E447 /* Release */,
			);
			defaultConfigurationIsVisible = 0;
			defaultConfigurationName = Release;
		};
/* End XCConfigurationList section */

/* Begin XCVersionGroup section */
		775F780E26D9B7900039E447 /* Shortly.xcdatamodeld */ = {
			isa = XCVersionGroup;
			children = (
				775F780F26D9B7900039E447 /* Shortly.xcdatamodel */,
			);
			currentVersion = 775F780F26D9B7900039E447 /* Shortly.xcdatamodel */;
			path = Shortly.xcdatamodeld;
			sourceTree = "<group>";
			versionGroupType = wrapper.xcdatamodel;
		};
/* End XCVersionGroup section */
	};
	rootObject = 775F77F826D9B78F0039E447 /* Project object */;
}
